
Microsoft Visual Studio Solution File, Format Version 12.00
# Visual Studio Version 16
VisualStudioVersion = 16.0.28803.352
MinimumVisualStudioVersion = 10.0.40219.1
Project("{FAE04EC0-301F-11D3-BF4B-00C04F79EFBC}") = "FnSwitcher.Core", "FnSwitcher.Core\FnSwitcher.Core.csproj", "{94F5B995-2EA9-4FC9-9712-8B290091159F}"
EndProject
Project("{FAE04EC0-301F-11D3-BF4B-00C04F79EFBC}") = "FnSwitcher.Service", "FnSwitcher.Service\FnSwitcher.Service.csproj", "{CA873767-0A21-41FA-A491-A5D6238FA596}"
EndProject
Global
	GlobalSection(SolutionConfigurationPlatforms) = preSolution
		Debug|Any CPU = Debug|Any CPU
		Release|Any CPU = Release|Any CPU
	EndGlobalSection
	GlobalSection(ProjectConfigurationPlatforms) = postSolution
		{94F5B995-2EA9-4FC9-9712-8B290091159F}.Debug|Any CPU.ActiveCfg = Debug|Any CPU
		{94F5B995-2EA9-4FC9-9712-8B290091159F}.Debug|Any CPU.Build.0 = Debug|Any CPU
		{94F5B995-2EA9-4FC9-9712-8B290091159F}.Release|Any CPU.ActiveCfg = Release|Any CPU
		{94F5B995-2EA9-4FC9-9712-8B290091159F}.Release|Any CPU.Build.0 = Release|Any CPU
		{CA873767-0A21-41FA-A491-A5D6238FA596}.Debug|Any CPU.ActiveCfg = Debug|Any CPU
		{CA873767-0A21-41FA-A491-A5D6238FA596}.Debug|Any CPU.Build.0 = Debug|Any CPU
		{CA873767-0A21-41FA-A491-A5D6238FA596}.Release|Any CPU.ActiveCfg = Release|Any CPU
		{CA873767-0A21-41FA-A491-A5D6238FA596}.Release|Any CPU.Build.0 = Release|Any CPU
	EndGlobalSection
	GlobalSection(SolutionProperties) = preSolution
		HideSolutionNode = FALSE
	EndGlobalSection
	GlobalSection(ExtensibilityGlobals) = postSolution
		SolutionGuid = {1A67532F-0E77-4332-BFC7-EE17D97D6AD9}
	EndGlobalSection
EndGlobal
